<?xml version="1.0" encoding="utf-8"?>
<Project ToolsVersion="4.0" xmlns="http://schemas.microsoft.com/developer/msbuild/2003">
  <ItemGroup>
    <Filter Include="ソース ファイル">
      <UniqueIdentifier>{4FC737F1-C7A5-4376-A066-2A32D752A2FF}</UniqueIdentifier>
      <Extensions>cpp;c;cc;cxx;c++;cppm;ixx;def;odl;idl;hpj;bat;asm;asmx</Extensions>
    </Filter>
    <Filter Include="ヘッダー ファイル">
      <UniqueIdentifier>{93995380-89BD-4b04-88EB-625FBE52EBFB}</UniqueIdentifier>
      <Extensions>h;hh;hpp;hxx;h++;hm;inl;inc;ipp;xsd</Extensions>
    </Filter>
    <Filter Include="リソース ファイル">
      <UniqueIdentifier>{67DA6AB6-F800-4c08-8B7A-83BB121AAD01}</UniqueIdentifier>
      <Extensions>rc;ico;cur;bmp;dlg;rc2;rct;bin;rgs;gif;jpg;jpeg;jpe;resx;tiff;tif;png;wav;mfcribbon-ms</Extensions>
    </Filter>
    <Filter Include="ソース ファイル\System">
      <UniqueIdentifier>{23f2f697-b72d-466d-b25b-b9e32d7316f9}</UniqueIdentifier>
    </Filter>
    <Filter Include="ソース ファイル\Hit">
      <UniqueIdentifier>{9620e34e-0fab-437e-bf67-5db6cdec132f}</UniqueIdentifier>
    </Filter>
    <Filter Include="ソース ファイル\Effect">
      <UniqueIdentifier>{5931ef11-42fb-4e17-a237-181593b9b571}</UniqueIdentifier>
    </Filter>
    <Filter Include="ソース ファイル\Animation">
      <UniqueIdentifier>{a474c41b-113b-49cc-aa26-a9ce34479f35}</UniqueIdentifier>
    </Filter>
    <Filter Include="ソース ファイル\Model">
      <UniqueIdentifier>{0baabaa9-3909-4407-9385-6a28059807ee}</UniqueIdentifier>
    </Filter>
    <Filter Include="ソース ファイル\Character">
      <UniqueIdentifier>{8410ffb9-da90-439b-8adb-8c94ddaadbf4}</UniqueIdentifier>
    </Filter>
    <Filter Include="ソース ファイル\Action">
      <UniqueIdentifier>{4ece2998-fd4b-4439-b1f2-efb581f52171}</UniqueIdentifier>
    </Filter>
    <Filter Include="shader">
      <UniqueIdentifier>{8e1080ea-81df-489f-a54e-1d7cbf7d43e1}</UniqueIdentifier>
    </Filter>
    <Filter Include="ソース ファイル\Collision">
      <UniqueIdentifier>{59d958f1-1372-4c09-b8a5-5c34de60f5af}</UniqueIdentifier>
    </Filter>
    <Filter Include="ソース ファイル\Scene">
      <UniqueIdentifier>{22498561-e284-4a98-9cb9-248b55685ede}</UniqueIdentifier>
    </Filter>
    <Filter Include="ソース ファイル\Scene\Base">
      <UniqueIdentifier>{63d7c752-6638-4eea-b779-10baff524cfc}</UniqueIdentifier>
    </Filter>
    <Filter Include="ソース ファイル\Sound">
      <UniqueIdentifier>{c18449c5-6f89-44c5-b11d-bb378ad2a3a1}</UniqueIdentifier>
    </Filter>
    <Filter Include="ソース ファイル\Field">
      <UniqueIdentifier>{f894d956-5f53-48ea-adc0-23e8cfd0b1c9}</UniqueIdentifier>
    </Filter>
  </ItemGroup>
  <ItemGroup>
    <ClCompile Include="src\GameMain.cpp">
      <Filter>ソース ファイル</Filter>
    </ClCompile>
    <ClCompile Include="src\WinMain.cpp">
      <Filter>ソース ファイル</Filter>
    </ClCompile>
    <ClCompile Include="src\Camera.cpp">
      <Filter>ソース ファイル</Filter>
    </ClCompile>
    <ClCompile Include="src\System\InputPad.cpp">
      <Filter>ソース ファイル\System</Filter>
    </ClCompile>
    <ClCompile Include="src\System\Transform.cpp">
      <Filter>ソース ファイル\System</Filter>
    </ClCompile>
    <ClCompile Include="src\System\Vector2.cpp">
      <Filter>ソース ファイル\System</Filter>
    </ClCompile>
    <ClCompile Include="src\System\Vector3.cpp">
      <Filter>ソース ファイル\System</Filter>
    </ClCompile>
    <ClCompile Include="src\System\Option.cpp">
      <Filter>ソース ファイル\System</Filter>
    </ClCompile>
    <ClCompile Include="src\System\Move.cpp">
      <Filter>ソース ファイル\System</Filter>
    </ClCompile>
    <ClCompile Include="src\Animation\Animation.cpp">
      <Filter>ソース ファイル\Animation</Filter>
    </ClCompile>
    <ClCompile Include="src\Effect\Effect.cpp">
      <Filter>ソース ファイル\Effect</Filter>
    </ClCompile>
    <ClCompile Include="src\Hit\HitStop.cpp">
      <Filter>ソース ファイル\Hit</Filter>
    </ClCompile>
    <ClCompile Include="src\Hit\Hit.cpp">
      <Filter>ソース ファイル\Hit</Filter>
    </ClCompile>
    <ClCompile Include="src\Model\Model.cpp">
      <Filter>ソース ファイル\Model</Filter>
    </ClCompile>
    <ClCompile Include="src\Character\CharacterBase.cpp">
      <Filter>ソース ファイル\Character</Filter>
    </ClCompile>
    <ClCompile Include="src\Character\SamplePlayer.cpp">
      <Filter>ソース ファイル\Character</Filter>
    </ClCompile>
    <ClCompile Include="src\Action\Combo.cpp">
      <Filter>ソース ファイル\Action</Filter>
    </ClCompile>
    <ClCompile Include="src\Action\Attack.cpp">
      <Filter>ソース ファイル\Action</Filter>
    </ClCompile>
    <ClCompile Include="src\Collision\CapsuleCollision.cpp">
      <Filter>ソース ファイル\Collision</Filter>
    </ClCompile>
    <ClCompile Include="src\Collision\BoxCollision.cpp">
      <Filter>ソース ファイル\Collision</Filter>
    </ClCompile>
    <ClCompile Include="src\System\Spotlight.cpp">
      <Filter>ソース ファイル\System</Filter>
    </ClCompile>
    <ClCompile Include="src\Character\Monster.cpp">
      <Filter>ソース ファイル\Character</Filter>
    </ClCompile>
    <ClCompile Include="src\Character\MonsterBase.cpp">
      <Filter>ソース ファイル\Character</Filter>
    </ClCompile>
    <ClCompile Include="src\System\TargetMove.cpp">
      <Filter>ソース ファイル\System</Filter>
    </ClCompile>
    <ClCompile Include="src\Character\Hero.cpp">
      <Filter>ソース ファイル\Character</Filter>
    </ClCompile>
    <ClCompile Include="src\System\UIBar.cpp">
      <Filter>ソース ファイル\System</Filter>
    </ClCompile>
    <ClCompile Include="src\System\DamageAction.cpp">
      <Filter>ソース ファイル\System</Filter>
    </ClCompile>
    <ClCompile Include="src\Character\Mutant.cpp">
      <Filter>ソース ファイル\Character</Filter>
    </ClCompile>
    <ClCompile Include="src\Scene\Base\Scene_Base.cpp">
      <Filter>ソース ファイル\Scene\Base</Filter>
    </ClCompile>
    <ClCompile Include="src\Scene\TieleScene.cpp">
      <Filter>ソース ファイル\Scene</Filter>
    </ClCompile>
    <ClCompile Include="src\Scene\TitleScene.cpp">
      <Filter>ソース ファイル\Scene</Filter>
    </ClCompile>
    <ClCompile Include="src\Scene\EndScene.cpp">
      <Filter>ソース ファイル\Scene</Filter>
    </ClCompile>
    <ClCompile Include="src\Scene\GameScene.cpp">
      <Filter>ソース ファイル\Scene</Filter>
    </ClCompile>
    <ClCompile Include="src\Sound\SE.cpp">
      <Filter>ソース ファイル\Sound</Filter>
    </ClCompile>
    <ClCompile Include="src\Sound\BGM.cpp">
      <Filter>ソース ファイル\Sound</Filter>
    </ClCompile>
  </ItemGroup>
  <ItemGroup>
    <ClInclude Include="src\GameMain.h">
      <Filter>ソース ファイル</Filter>
    </ClInclude>
    <ClInclude Include="src\WinMain.h">
      <Filter>ソース ファイル</Filter>
    </ClInclude>
    <ClInclude Include="src\Camera.h">
      <Filter>ソース ファイル</Filter>
    </ClInclude>
    <ClInclude Include="src\System\Transform.h">
      <Filter>ソース ファイル\System</Filter>
    </ClInclude>
    <ClInclude Include="src\System\InputPad.h">
      <Filter>ソース ファイル\System</Filter>
    </ClInclude>
    <ClInclude Include="src\System\Vector2.h">
      <Filter>ソース ファイル\System</Filter>
    </ClInclude>
    <ClInclude Include="src\System\Vector3.h">
      <Filter>ソース ファイル\System</Filter>
    </ClInclude>
    <ClInclude Include="src\System\Option.h">
      <Filter>ソース ファイル\System</Filter>
    </ClInclude>
    <ClInclude Include="src\System\Move.h">
      <Filter>ソース ファイル\System</Filter>
    </ClInclude>
    <ClInclude Include="src\Animation\Animation.h">
      <Filter>ソース ファイル\Animation</Filter>
    </ClInclude>
    <ClInclude Include="src\Effect\Effect.h">
      <Filter>ソース ファイル\Effect</Filter>
    </ClInclude>
    <ClInclude Include="src\Hit\Hit.h">
      <Filter>ソース ファイル\Hit</Filter>
    </ClInclude>
    <ClInclude Include="src\Hit\HitStop.h">
      <Filter>ソース ファイル\Hit</Filter>
    </ClInclude>
    <ClInclude Include="src\Model\Model.h">
      <Filter>ソース ファイル\Model</Filter>
    </ClInclude>
    <ClInclude Include="src\Character\CharacterBase.h">
      <Filter>ソース ファイル\Character</Filter>
    </ClInclude>
    <ClInclude Include="src\Character\SamplePlayer.h">
      <Filter>ソース ファイル\Character</Filter>
    </ClInclude>
    <ClInclude Include="src\Action\Combo.h">
      <Filter>ソース ファイル\Action</Filter>
    </ClInclude>
    <ClInclude Include="src\Action\Attack.h">
      <Filter>ソース ファイル\Action</Filter>
    </ClInclude>
    <ClInclude Include="src\Collision\CapsuleCollision.h">
      <Filter>ソース ファイル\Collision</Filter>
    </ClInclude>
    <ClInclude Include="src\Collision\BoxCollision.h">
      <Filter>ソース ファイル\Collision</Filter>
    </ClInclude>
    <ClInclude Include="src\System\Spotlight.h">
      <Filter>ソース ファイル\System</Filter>
    </ClInclude>
    <ClInclude Include="src\Character\Monster.h">
      <Filter>ソース ファイル\Character</Filter>
    </ClInclude>
    <ClInclude Include="src\Character\MonsterBase.h">
      <Filter>ソース ファイル\Character</Filter>
    </ClInclude>
    <ClInclude Include="src\System\TargetMove.h">
      <Filter>ソース ファイル\System</Filter>
    </ClInclude>
    <ClInclude Include="src\Character\Hero.h">
      <Filter>ソース ファイル\Character</Filter>
    </ClInclude>
    <ClInclude Include="src\System\UIBar.h">
      <Filter>ソース ファイル\System</Filter>
    </ClInclude>
    <ClInclude Include="src\System\DamageAction.h">
      <Filter>ソース ファイル\System</Filter>
    </ClInclude>
    <ClInclude Include="src\Character\Mutant.h">
      <Filter>ソース ファイル\Character</Filter>
    </ClInclude>
    <ClInclude Include="src\Scene\Base\Scene_Base.h">
      <Filter>ソース ファイル\Scene\Base</Filter>
    </ClInclude>
    <ClInclude Include="src\Scene\GameScene.h">
      <Filter>ソース ファイル\Scene</Filter>
    </ClInclude>
    <ClInclude Include="src\Scene\TieleScene.h">
      <Filter>ソース ファイル\Scene</Filter>
    </ClInclude>
    <ClInclude Include="src\Scene\TitleScene.h">
      <Filter>ソース ファイル\Scene</Filter>
    </ClInclude>
    <ClInclude Include="src\Scene\EndScene.h">
      <Filter>ソース ファイル\Scene</Filter>
    </ClInclude>
    <ClInclude Include="src\Sound\BGM.h">
      <Filter>ソース ファイル\Sound</Filter>
    </ClInclude>
    <ClInclude Include="src\Sound\SE.h">
      <Filter>ソース ファイル\Sound</Filter>
    </ClInclude>
  </ItemGroup>
  <ItemGroup>
    <FxCompile Include="shader\SamplePS.fx">
      <Filter>shader</Filter>
    </FxCompile>
    <FxCompile Include="shader\SampleVS.fx">
      <Filter>shader</Filter>
    </FxCompile>
  </ItemGroup>
</Project>